// !$*UTF8*$!
{
	archiveVersion = 1;
	classes = {
	};
	objectVersion = 46;
	objects = {

/* Begin PBXBuildFile section */
		0F7510A11A453C93005AA052 /* AppDelegate.swift in Sources */ = {isa = PBXBuildFile; fileRef = 0F7510A01A453C93005AA052 /* AppDelegate.swift */; };
		0F7510AB1A453C93005AA052 /* Images.xcassets in Resources */ = {isa = PBXBuildFile; fileRef = 0F7510AA1A453C93005AA052 /* Images.xcassets */; };
		0F7510AE1A453C93005AA052 /* LaunchScreen.xib in Resources */ = {isa = PBXBuildFile; fileRef = 0F7510AC1A453C93005AA052 /* LaunchScreen.xib */; };
		0F7510BA1A453C93005AA052 /* CroudedTests.swift in Sources */ = {isa = PBXBuildFile; fileRef = 0F7510B91A453C93005AA052 /* CroudedTests.swift */; };
		0F7510CF1A453CE5005AA052 /* Main.storyboard in Resources */ = {isa = PBXBuildFile; fileRef = 0F7510CB1A453CE5005AA052 /* Main.storyboard */; };
		0F7510D11A453CE5005AA052 /* MainViewController.swift in Sources */ = {isa = PBXBuildFile; fileRef = 0F7510CD1A453CE5005AA052 /* MainViewController.swift */; };
		0F7510D21A453CE5005AA052 /* OnboardViewController.swift in Sources */ = {isa = PBXBuildFile; fileRef = 0F7510CE1A453CE5005AA052 /* OnboardViewController.swift */; };
		0F7510DC1A453F32005AA052 /* RouteViewController.m in Sources */ = {isa = PBXBuildFile; fileRef = 0F7510DB1A453F32005AA052 /* RouteViewController.m */; };
		0FA1EE001A45F7C0001E8ED6 /* TimeSavedViewController.swift in Sources */ = {isa = PBXBuildFile; fileRef = 0FA1EDFF1A45F7C0001E8ED6 /* TimeSavedViewController.swift */; };
		0FA1EE021A45F7CB001E8ED6 /* PointsViewController.swift in Sources */ = {isa = PBXBuildFile; fileRef = 0FA1EE011A45F7CB001E8ED6 /* PointsViewController.swift */; };
		0FA1EE041A45F7D4001E8ED6 /* TotalTimeSavedViewController.swift in Sources */ = {isa = PBXBuildFile; fileRef = 0FA1EE031A45F7D4001E8ED6 /* TotalTimeSavedViewController.swift */; };
		0FA1EE061A460739001E8ED6 /* User-extension.swift in Sources */ = {isa = PBXBuildFile; fileRef = 0FA1EE051A460739001E8ED6 /* User-extension.swift */; };
		0FA1EE081A46076A001E8ED6 /* Constants.swift in Sources */ = {isa = PBXBuildFile; fileRef = 0FA1EE071A46076A001E8ED6 /* Constants.swift */; };
		0FA1EE0A1A460800001E8ED6 /* APIManager.swift in Sources */ = {isa = PBXBuildFile; fileRef = 0FA1EE091A460800001E8ED6 /* APIManager.swift */; };
		0FA1EE0D1A46105D001E8ED6 /* BorderedButton.swift in Sources */ = {isa = PBXBuildFile; fileRef = 0FA1EE0B1A46105D001E8ED6 /* BorderedButton.swift */; };
		0FA1EE0E1A46105D001E8ED6 /* RoundedButton.swift in Sources */ = {isa = PBXBuildFile; fileRef = 0FA1EE0C1A46105D001E8ED6 /* RoundedButton.swift */; };
		32DFAAD81A45482D00ECB97A /* User.m in Sources */ = {isa = PBXBuildFile; fileRef = 32DFAAD71A45482D00ECB97A /* User.m */; };
		32DFAADB1A45484600ECB97A /* Incentives.m in Sources */ = {isa = PBXBuildFile; fileRef = 32DFAADA1A45484600ECB97A /* Incentives.m */; };
		32DFAADE1A45485E00ECB97A /* Stats.m in Sources */ = {isa = PBXBuildFile; fileRef = 32DFAADD1A45485E00ECB97A /* Stats.m */; };
		32DFAAE91A45584200ECB97A /* Commute.m in Sources */ = {isa = PBXBuildFile; fileRef = 32DFAAE81A45584200ECB97A /* Commute.m */; };
		C0E92E83D5E0F09CEE5FBF0B /* libPods-Crouded.a in Frameworks */ = {isa = PBXBuildFile; fileRef = D67E6C3404EBF1C94C5B086B /* libPods-Crouded.a */; };
/* End PBXBuildFile section */

/* Begin PBXContainerItemProxy section */
		0F7510B41A453C93005AA052 /* PBXContainerItemProxy */ = {
			isa = PBXContainerItemProxy;
			containerPortal = 0F7510931A453C93005AA052 /* Project object */;
			proxyType = 1;
			remoteGlobalIDString = 0F75109A1A453C93005AA052;
			remoteInfo = Crouded;
		};
/* End PBXContainerItemProxy section */

/* Begin PBXFileReference section */
		0F75109B1A453C93005AA052 /* Crouded.app */ = {isa = PBXFileReference; explicitFileType = wrapper.application; includeInIndex = 0; path = Crouded.app; sourceTree = BUILT_PRODUCTS_DIR; };
		0F75109F1A453C93005AA052 /* Info.plist */ = {isa = PBXFileReference; lastKnownFileType = text.plist.xml; path = Info.plist; sourceTree = "<group>"; };
		0F7510A01A453C93005AA052 /* AppDelegate.swift */ = {isa = PBXFileReference; lastKnownFileType = sourcecode.swift; path = AppDelegate.swift; sourceTree = "<group>"; };
		0F7510AA1A453C93005AA052 /* Images.xcassets */ = {isa = PBXFileReference; lastKnownFileType = folder.assetcatalog; path = Images.xcassets; sourceTree = "<group>"; };
		0F7510AD1A453C93005AA052 /* Base */ = {isa = PBXFileReference; lastKnownFileType = file.xib; name = Base; path = Base.lproj/LaunchScreen.xib; sourceTree = "<group>"; };
		0F7510B31A453C93005AA052 /* CroudedTests.xctest */ = {isa = PBXFileReference; explicitFileType = wrapper.cfbundle; includeInIndex = 0; path = CroudedTests.xctest; sourceTree = BUILT_PRODUCTS_DIR; };
		0F7510B81A453C93005AA052 /* Info.plist */ = {isa = PBXFileReference; lastKnownFileType = text.plist.xml; path = Info.plist; sourceTree = "<group>"; };
		0F7510B91A453C93005AA052 /* CroudedTests.swift */ = {isa = PBXFileReference; lastKnownFileType = sourcecode.swift; path = CroudedTests.swift; sourceTree = "<group>"; };
		0F7510CB1A453CE5005AA052 /* Main.storyboard */ = {isa = PBXFileReference; fileEncoding = 4; lastKnownFileType = file.storyboard; path = Main.storyboard; sourceTree = "<group>"; };
		0F7510CD1A453CE5005AA052 /* MainViewController.swift */ = {isa = PBXFileReference; fileEncoding = 4; lastKnownFileType = sourcecode.swift; path = MainViewController.swift; sourceTree = "<group>"; };
		0F7510CE1A453CE5005AA052 /* OnboardViewController.swift */ = {isa = PBXFileReference; fileEncoding = 4; lastKnownFileType = sourcecode.swift; path = OnboardViewController.swift; sourceTree = "<group>"; };
		0F7510D31A453DA2005AA052 /* Crouded-Bridging-Header.h */ = {isa = PBXFileReference; lastKnownFileType = sourcecode.c.h; path = "Crouded-Bridging-Header.h"; sourceTree = "<group>"; };
		0F7510DA1A453F32005AA052 /* RouteViewController.h */ = {isa = PBXFileReference; fileEncoding = 4; lastKnownFileType = sourcecode.c.h; path = RouteViewController.h; sourceTree = "<group>"; };
		0F7510DB1A453F32005AA052 /* RouteViewController.m */ = {isa = PBXFileReference; fileEncoding = 4; lastKnownFileType = sourcecode.c.objc; path = RouteViewController.m; sourceTree = "<group>"; };
		0FA1EDFF1A45F7C0001E8ED6 /* TimeSavedViewController.swift */ = {isa = PBXFileReference; fileEncoding = 4; lastKnownFileType = sourcecode.swift; path = TimeSavedViewController.swift; sourceTree = "<group>"; };
		0FA1EE011A45F7CB001E8ED6 /* PointsViewController.swift */ = {isa = PBXFileReference; fileEncoding = 4; lastKnownFileType = sourcecode.swift; path = PointsViewController.swift; sourceTree = "<group>"; };
		0FA1EE031A45F7D4001E8ED6 /* TotalTimeSavedViewController.swift */ = {isa = PBXFileReference; fileEncoding = 4; lastKnownFileType = sourcecode.swift; path = TotalTimeSavedViewController.swift; sourceTree = "<group>"; };
		0FA1EE051A460739001E8ED6 /* User-extension.swift */ = {isa = PBXFileReference; fileEncoding = 4; lastKnownFileType = sourcecode.swift; path = "User-extension.swift"; sourceTree = "<group>"; };
		0FA1EE071A46076A001E8ED6 /* Constants.swift */ = {isa = PBXFileReference; fileEncoding = 4; lastKnownFileType = sourcecode.swift; path = Constants.swift; sourceTree = "<group>"; };
		0FA1EE091A460800001E8ED6 /* APIManager.swift */ = {isa = PBXFileReference; fileEncoding = 4; lastKnownFileType = sourcecode.swift; path = APIManager.swift; sourceTree = "<group>"; };
		0FA1EE0B1A46105D001E8ED6 /* BorderedButton.swift */ = {isa = PBXFileReference; fileEncoding = 4; lastKnownFileType = sourcecode.swift; path = BorderedButton.swift; sourceTree = "<group>"; };
		0FA1EE0C1A46105D001E8ED6 /* RoundedButton.swift */ = {isa = PBXFileReference; fileEncoding = 4; lastKnownFileType = sourcecode.swift; path = RoundedButton.swift; sourceTree = "<group>"; };
		32DFAAD61A45482D00ECB97A /* User.h */ = {isa = PBXFileReference; fileEncoding = 4; lastKnownFileType = sourcecode.c.h; path = User.h; sourceTree = "<group>"; };
		32DFAAD71A45482D00ECB97A /* User.m */ = {isa = PBXFileReference; fileEncoding = 4; lastKnownFileType = sourcecode.c.objc; path = User.m; sourceTree = "<group>"; };
		32DFAAD91A45484600ECB97A /* Incentives.h */ = {isa = PBXFileReference; fileEncoding = 4; lastKnownFileType = sourcecode.c.h; path = Incentives.h; sourceTree = "<group>"; };
		32DFAADA1A45484600ECB97A /* Incentives.m */ = {isa = PBXFileReference; fileEncoding = 4; lastKnownFileType = sourcecode.c.objc; path = Incentives.m; sourceTree = "<group>"; };
		32DFAADC1A45485E00ECB97A /* Stats.h */ = {isa = PBXFileReference; fileEncoding = 4; lastKnownFileType = sourcecode.c.h; path = Stats.h; sourceTree = "<group>"; };
		32DFAADD1A45485E00ECB97A /* Stats.m */ = {isa = PBXFileReference; fileEncoding = 4; lastKnownFileType = sourcecode.c.objc; path = Stats.m; sourceTree = "<group>"; };
		32DFAAE71A45584200ECB97A /* Commute.h */ = {isa = PBXFileReference; fileEncoding = 4; lastKnownFileType = sourcecode.c.h; path = Commute.h; sourceTree = "<group>"; };
		32DFAAE81A45584200ECB97A /* Commute.m */ = {isa = PBXFileReference; fileEncoding = 4; lastKnownFileType = sourcecode.c.objc; path = Commute.m; sourceTree = "<group>"; };
		C249398942C316E91D812403 /* Pods-Crouded.debug.xcconfig */ = {isa = PBXFileReference; includeInIndex = 1; lastKnownFileType = text.xcconfig; name = "Pods-Crouded.debug.xcconfig"; path = "Pods/Target Support Files/Pods-Crouded/Pods-Crouded.debug.xcconfig"; sourceTree = "<group>"; };
		D67E6C3404EBF1C94C5B086B /* libPods-Crouded.a */ = {isa = PBXFileReference; explicitFileType = archive.ar; includeInIndex = 0; path = "libPods-Crouded.a"; sourceTree = BUILT_PRODUCTS_DIR; };
		E2B0BFBED3BAD6DB69A4C9F0 /* Pods-Crouded.release.xcconfig */ = {isa = PBXFileReference; includeInIndex = 1; lastKnownFileType = text.xcconfig; name = "Pods-Crouded.release.xcconfig"; path = "Pods/Target Support Files/Pods-Crouded/Pods-Crouded.release.xcconfig"; sourceTree = "<group>"; };
/* End PBXFileReference section */

/* Begin PBXFrameworksBuildPhase section */
		0F7510981A453C93005AA052 /* Frameworks */ = {
			isa = PBXFrameworksBuildPhase;
			buildActionMask = 2147483647;
			files = (
				C0E92E83D5E0F09CEE5FBF0B /* libPods-Crouded.a in Frameworks */,
			);
			runOnlyForDeploymentPostprocessing = 0;
		};
		0F7510B01A453C93005AA052 /* Frameworks */ = {
			isa = PBXFrameworksBuildPhase;
			buildActionMask = 2147483647;
			files = (
			);
			runOnlyForDeploymentPostprocessing = 0;
		};
/* End PBXFrameworksBuildPhase section */

/* Begin PBXGroup section */
		0F7510921A453C93005AA052 = {
			isa = PBXGroup;
			children = (
				0F75109D1A453C93005AA052 /* Crouded */,
				0F7510B61A453C93005AA052 /* CroudedTests */,
				0F75109C1A453C93005AA052 /* Products */,
				BD99171A6D42D5FE77D6F7A7 /* Pods */,
				B0EF4400796E7663A624897C /* Frameworks */,
			);
			sourceTree = "<group>";
		};
		0F75109C1A453C93005AA052 /* Products */ = {
			isa = PBXGroup;
			children = (
				0F75109B1A453C93005AA052 /* Crouded.app */,
				0F7510B31A453C93005AA052 /* CroudedTests.xctest */,
			);
			name = Products;
			sourceTree = "<group>";
		};
		0F75109D1A453C93005AA052 /* Crouded */ = {
			isa = PBXGroup;
			children = (
				0FA1EE071A46076A001E8ED6 /* Constants.swift */,
				0FA1EE091A460800001E8ED6 /* APIManager.swift */,
				32DFAADF1A45486600ECB97A /* Models */,
				0F7510A01A453C93005AA052 /* AppDelegate.swift */,
				0F7510AA1A453C93005AA052 /* Images.xcassets */,
				0F7510AC1A453C93005AA052 /* LaunchScreen.xib */,
				0F7510CB1A453CE5005AA052 /* Main.storyboard */,
				0FA1EDFF1A45F7C0001E8ED6 /* TimeSavedViewController.swift */,
				0FA1EE011A45F7CB001E8ED6 /* PointsViewController.swift */,
				0FA1EE031A45F7D4001E8ED6 /* TotalTimeSavedViewController.swift */,
				0F7510DA1A453F32005AA052 /* RouteViewController.h */,
				0F7510DB1A453F32005AA052 /* RouteViewController.m */,
				0F7510CD1A453CE5005AA052 /* MainViewController.swift */,
				0FA1EE0B1A46105D001E8ED6 /* BorderedButton.swift */,
				0FA1EE0C1A46105D001E8ED6 /* RoundedButton.swift */,
				0F7510CE1A453CE5005AA052 /* OnboardViewController.swift */,
				0F75109E1A453C93005AA052 /* Supporting Files */,
				0F7510D31A453DA2005AA052 /* Crouded-Bridging-Header.h */,
			);
			path = Crouded;
			sourceTree = "<group>";
		};
		0F75109E1A453C93005AA052 /* Supporting Files */ = {
			isa = PBXGroup;
			children = (
				0F75109F1A453C93005AA052 /* Info.plist */,
			);
			name = "Supporting Files";
			sourceTree = "<group>";
		};
		0F7510B61A453C93005AA052 /* CroudedTests */ = {
			isa = PBXGroup;
			children = (
				0F7510B91A453C93005AA052 /* CroudedTests.swift */,
				0F7510B71A453C93005AA052 /* Supporting Files */,
			);
			path = CroudedTests;
			sourceTree = "<group>";
		};
		0F7510B71A453C93005AA052 /* Supporting Files */ = {
			isa = PBXGroup;
			children = (
				0F7510B81A453C93005AA052 /* Info.plist */,
			);
			name = "Supporting Files";
			sourceTree = "<group>";
		};
		32DFAADF1A45486600ECB97A /* Models */ = {
			isa = PBXGroup;
			children = (
				32DFAAE71A45584200ECB97A /* Commute.h */,
				32DFAAE81A45584200ECB97A /* Commute.m */,
				32DFAAD61A45482D00ECB97A /* User.h */,
				32DFAAD71A45482D00ECB97A /* User.m */,
				0FA1EE051A460739001E8ED6 /* User-extension.swift */,
				32DFAAD91A45484600ECB97A /* Incentives.h */,
				32DFAADA1A45484600ECB97A /* Incentives.m */,
				32DFAADC1A45485E00ECB97A /* Stats.h */,
				32DFAADD1A45485E00ECB97A /* Stats.m */,
			);
			name = Models;
			sourceTree = "<group>";
		};
		B0EF4400796E7663A624897C /* Frameworks */ = {
			isa = PBXGroup;
			children = (
				D67E6C3404EBF1C94C5B086B /* libPods-Crouded.a */,
			);
			name = Frameworks;
			sourceTree = "<group>";
		};
		BD99171A6D42D5FE77D6F7A7 /* Pods */ = {
			isa = PBXGroup;
			children = (
				C249398942C316E91D812403 /* Pods-Crouded.debug.xcconfig */,
				E2B0BFBED3BAD6DB69A4C9F0 /* Pods-Crouded.release.xcconfig */,
			);
			name = Pods;
			sourceTree = "<group>";
		};
/* End PBXGroup section */

/* Begin PBXNativeTarget section */
		0F75109A1A453C93005AA052 /* Crouded */ = {
			isa = PBXNativeTarget;
			buildConfigurationList = 0F7510BD1A453C93005AA052 /* Build configuration list for PBXNativeTarget "Crouded" */;
			buildPhases = (
				E8FFFAEC27732E297A4D4DCD /* Check Pods Manifest.lock */,
				0F7510971A453C93005AA052 /* Sources */,
				0F7510981A453C93005AA052 /* Frameworks */,
				0F7510991A453C93005AA052 /* Resources */,
				FCF53FA6643F43BA579974EF /* Copy Pods Resources */,
			);
			buildRules = (
			);
			dependencies = (
			);
			name = Crouded;
			productName = Crouded;
			productReference = 0F75109B1A453C93005AA052 /* Crouded.app */;
			productType = "com.apple.product-type.application";
		};
		0F7510B21A453C93005AA052 /* CroudedTests */ = {
			isa = PBXNativeTarget;
			buildConfigurationList = 0F7510C01A453C93005AA052 /* Build configuration list for PBXNativeTarget "CroudedTests" */;
			buildPhases = (
				0F7510AF1A453C93005AA052 /* Sources */,
				0F7510B01A453C93005AA052 /* Frameworks */,
				0F7510B11A453C93005AA052 /* Resources */,
			);
			buildRules = (
			);
			dependencies = (
				0F7510B51A453C93005AA052 /* PBXTargetDependency */,
			);
			name = CroudedTests;
			productName = CroudedTests;
			productReference = 0F7510B31A453C93005AA052 /* CroudedTests.xctest */;
			productType = "com.apple.product-type.bundle.unit-test";
		};
/* End PBXNativeTarget section */

/* Begin PBXProject section */
		0F7510931A453C93005AA052 /* Project object */ = {
			isa = PBXProject;
			attributes = {
				LastUpgradeCheck = 0610;
				ORGANIZATIONNAME = "App Builders Inc";
				TargetAttributes = {
					0F75109A1A453C93005AA052 = {
						CreatedOnToolsVersion = 6.1.1;
					};
					0F7510B21A453C93005AA052 = {
						CreatedOnToolsVersion = 6.1.1;
						TestTargetID = 0F75109A1A453C93005AA052;
					};
				};
			};
			buildConfigurationList = 0F7510961A453C93005AA052 /* Build configuration list for PBXProject "Crouded" */;
			compatibilityVersion = "Xcode 3.2";
			developmentRegion = English;
			hasScannedForEncodings = 0;
			knownRegions = (
				en,
				Base,
			);
			mainGroup = 0F7510921A453C93005AA052;
			productRefGroup = 0F75109C1A453C93005AA052 /* Products */;
			projectDirPath = "";
			projectRoot = "";
			targets = (
				0F75109A1A453C93005AA052 /* Crouded */,
				0F7510B21A453C93005AA052 /* CroudedTests */,
			);
		};
/* End PBXProject section */

/* Begin PBXResourcesBuildPhase section */
		0F7510991A453C93005AA052 /* Resources */ = {
			isa = PBXResourcesBuildPhase;
			buildActionMask = 2147483647;
			files = (
				0F7510CF1A453CE5005AA052 /* Main.storyboard in Resources */,
				0F7510AE1A453C93005AA052 /* LaunchScreen.xib in Resources */,
				0F7510AB1A453C93005AA052 /* Images.xcassets in Resources */,
			);
			runOnlyForDeploymentPostprocessing = 0;
		};
		0F7510B11A453C93005AA052 /* Resources */ = {
			isa = PBXResourcesBuildPhase;
			buildActionMask = 2147483647;
			files = (
			);
			runOnlyForDeploymentPostprocessing = 0;
		};
/* End PBXResourcesBuildPhase section */

/* Begin PBXShellScriptBuildPhase section */
		E8FFFAEC27732E297A4D4DCD /* Check Pods Manifest.lock */ = {
			isa = PBXShellScriptBuildPhase;
			buildActionMask = 2147483647;
			files = (
			);
			inputPaths = (
			);
			name = "Check Pods Manifest.lock";
			outputPaths = (
			);
			runOnlyForDeploymentPostprocessing = 0;
			shellPath = /bin/sh;
			shellScript = "diff \"${PODS_ROOT}/../Podfile.lock\" \"${PODS_ROOT}/Manifest.lock\" > /dev/null\nif [[ $? != 0 ]] ; then\n    cat << EOM\nerror: The sandbox is not in sync with the Podfile.lock. Run 'pod install' or update your CocoaPods installation.\nEOM\n    exit 1\nfi\n";
			showEnvVarsInLog = 0;
		};
		FCF53FA6643F43BA579974EF /* Copy Pods Resources */ = {
			isa = PBXShellScriptBuildPhase;
			buildActionMask = 2147483647;
			files = (
			);
			inputPaths = (
			);
			name = "Copy Pods Resources";
			outputPaths = (
			);
			runOnlyForDeploymentPostprocessing = 0;
			shellPath = /bin/sh;
			shellScript = "\"${SRCROOT}/Pods/Target Support Files/Pods-Crouded/Pods-Crouded-resources.sh\"\n";
			showEnvVarsInLog = 0;
		};
/* End PBXShellScriptBuildPhase section */

/* Begin PBXSourcesBuildPhase section */
		0F7510971A453C93005AA052 /* Sources */ = {
			isa = PBXSourcesBuildPhase;
			buildActionMask = 2147483647;
			files = (
				32DFAAE91A45584200ECB97A /* Commute.m in Sources */,
				0F7510D21A453CE5005AA052 /* OnboardViewController.swift in Sources */,
				0F7510A11A453C93005AA052 /* AppDelegate.swift in Sources */,
				0FA1EE041A45F7D4001E8ED6 /* TotalTimeSavedViewController.swift in Sources */,
				0FA1EE061A460739001E8ED6 /* User-extension.swift in Sources */,
				0FA1EE0D1A46105D001E8ED6 /* BorderedButton.swift in Sources */,
				32DFAAD81A45482D00ECB97A /* User.m in Sources */,
				0FA1EE0A1A460800001E8ED6 /* APIManager.swift in Sources */,
				32DFAADB1A45484600ECB97A /* Incentives.m in Sources */,
				0FA1EE081A46076A001E8ED6 /* Constants.swift in Sources */,
				0FA1EE021A45F7CB001E8ED6 /* PointsViewController.swift in Sources */,
				0FA1EE0E1A46105D001E8ED6 /* RoundedButton.swift in Sources */,
				32DFAADE1A45485E00ECB97A /* Stats.m in Sources */,
				0FA1EE001A45F7C0001E8ED6 /* TimeSavedViewController.swift in Sources */,
				0F7510DC1A453F32005AA052 /* RouteViewController.m in Sources */,
				0F7510D11A453CE5005AA052 /* MainViewController.swift in Sources */,
			);
			runOnlyForDeploymentPostprocessing = 0;
		};
		0F7510AF1A453C93005AA052 /* Sources */ = {
			isa = PBXSourcesBuildPhase;
			buildActionMask = 2147483647;
			files = (
				0F7510BA1A453C93005AA052 /* CroudedTests.swift in Sources */,
			);
			runOnlyForDeploymentPostprocessing = 0;
		};
/* End PBXSourcesBuildPhase section */

/* Begin PBXTargetDependency section */
		0F7510B51A453C93005AA052 /* PBXTargetDependency */ = {
			isa = PBXTargetDependency;
			target = 0F75109A1A453C93005AA052 /* Crouded */;
			targetProxy = 0F7510B41A453C93005AA052 /* PBXContainerItemProxy */;
		};
/* End PBXTargetDependency section */

/* Begin PBXVariantGroup section */
		0F7510AC1A453C93005AA052 /* LaunchScreen.xib */ = {
			isa = PBXVariantGroup;
			children = (
				0F7510AD1A453C93005AA052 /* Base */,
			);
			name = LaunchScreen.xib;
			sourceTree = "<group>";
		};
/* End PBXVariantGroup section */

/* Begin XCBuildConfiguration section */
		0F7510BB1A453C93005AA052 /* Debug */ = {
			isa = XCBuildConfiguration;
			buildSettings = {
				ALWAYS_SEARCH_USER_PATHS = NO;
				CLANG_CXX_LANGUAGE_STANDARD = "gnu++0x";
				CLANG_CXX_LIBRARY = "libc++";
				CLANG_ENABLE_MODULES = YES;
				CLANG_ENABLE_OBJC_ARC = YES;
				CLANG_WARN_BOOL_CONVERSION = YES;
				CLANG_WARN_CONSTANT_CONVERSION = YES;
				CLANG_WARN_DIRECT_OBJC_ISA_USAGE = YES_ERROR;
				CLANG_WARN_EMPTY_BODY = YES;
				CLANG_WARN_ENUM_CONVERSION = YES;
				CLANG_WARN_INT_CONVERSION = YES;
				CLANG_WARN_OBJC_ROOT_CLASS = YES_ERROR;
				CLANG_WARN_UNREACHABLE_CODE = YES;
				CLANG_WARN__DUPLICATE_METHOD_MATCH = YES;
				"CODE_SIGN_IDENTITY[sdk=iphoneos*]" = "iPhone Developer";
				COPY_PHASE_STRIP = NO;
				ENABLE_STRICT_OBJC_MSGSEND = YES;
				GCC_C_LANGUAGE_STANDARD = gnu99;
				GCC_DYNAMIC_NO_PIC = NO;
				GCC_OPTIMIZATION_LEVEL = 0;
				GCC_PREPROCESSOR_DEFINITIONS = (
					"DEBUG=1",
					"$(inherited)",
				);
				GCC_SYMBOLS_PRIVATE_EXTERN = NO;
				GCC_WARN_64_TO_32_BIT_CONVERSION = YES;
				GCC_WARN_ABOUT_RETURN_TYPE = YES_ERROR;
				GCC_WARN_UNDECLARED_SELECTOR = YES;
				GCC_WARN_UNINITIALIZED_AUTOS = YES_AGGRESSIVE;
				GCC_WARN_UNUSED_FUNCTION = YES;
				GCC_WARN_UNUSED_VARIABLE = YES;
				IPHONEOS_DEPLOYMENT_TARGET = 8.1;
				MTL_ENABLE_DEBUG_INFO = YES;
				ONLY_ACTIVE_ARCH = YES;
				SDKROOT = iphoneos;
				SWIFT_OPTIMIZATION_LEVEL = "-Onone";
				TARGETED_DEVICE_FAMILY = "1,2";
			};
			name = Debug;
		};
		0F7510BC1A453C93005AA052 /* Release */ = {
			isa = XCBuildConfiguration;
			buildSettings = {
				ALWAYS_SEARCH_USER_PATHS = NO;
				CLANG_CXX_LANGUAGE_STANDARD = "gnu++0x";
				CLANG_CXX_LIBRARY = "libc++";
				CLANG_ENABLE_MODULES = YES;
				CLANG_ENABLE_OBJC_ARC = YES;
				CLANG_WARN_BOOL_CONVERSION = YES;
				CLANG_WARN_CONSTANT_CONVERSION = YES;
				CLANG_WARN_DIRECT_OBJC_ISA_USAGE = YES_ERROR;
				CLANG_WARN_EMPTY_BODY = YES;
				CLANG_WARN_ENUM_CONVERSION = YES;
				CLANG_WARN_INT_CONVERSION = YES;
				CLANG_WARN_OBJC_ROOT_CLASS = YES_ERROR;
				CLANG_WARN_UNREACHABLE_CODE = YES;
				CLANG_WARN__DUPLICATE_METHOD_MATCH = YES;
				"CODE_SIGN_IDENTITY[sdk=iphoneos*]" = "iPhone Developer";
				COPY_PHASE_STRIP = YES;
				ENABLE_NS_ASSERTIONS = NO;
				ENABLE_STRICT_OBJC_MSGSEND = YES;
				GCC_C_LANGUAGE_STANDARD = gnu99;
				GCC_WARN_64_TO_32_BIT_CONVERSION = YES;
				GCC_WARN_ABOUT_RETURN_TYPE = YES_ERROR;
				GCC_WARN_UNDECLARED_SELECTOR = YES;
				GCC_WARN_UNINITIALIZED_AUTOS = YES_AGGRESSIVE;
				GCC_WARN_UNUSED_FUNCTION = YES;
				GCC_WARN_UNUSED_VARIABLE = YES;
				IPHONEOS_DEPLOYMENT_TARGET = 8.1;
				MTL_ENABLE_DEBUG_INFO = NO;
				SDKROOT = iphoneos;
				TARGETED_DEVICE_FAMILY = "1,2";
				VALIDATE_PRODUCT = YES;
			};
			name = Release;
		};
		0F7510BE1A453C93005AA052 /* Debug */ = {
			isa = XCBuildConfiguration;
			baseConfigurationReference = C249398942C316E91D812403 /* Pods-Crouded.debug.xcconfig */;
			buildSettings = {
				ASSETCATALOG_COMPILER_APPICON_NAME = AppIcon;
				CLANG_ENABLE_MODULES = YES;
				INFOPLIST_FILE = Crouded/Info.plist;
				LD_RUNPATH_SEARCH_PATHS = "$(inherited) @executable_path/Frameworks";
				PRODUCT_NAME = "$(TARGET_NAME)";
				SWIFT_OBJC_BRIDGING_HEADER = "Crouded/Crouded-Bridging-Header.h";
				SWIFT_OPTIMIZATION_LEVEL = "-Onone";
			};
			name = Debug;
		};
		0F7510BF1A453C93005AA052 /* Release */ = {
			isa = XCBuildConfiguration;
			baseConfigurationReference = E2B0BFBED3BAD6DB69A4C9F0 /* Pods-Crouded.release.xcconfig */;
			buildSettings = {
				ASSETCATALOG_COMPILER_APPICON_NAME = AppIcon;
				CLANG_ENABLE_MODULES = YES;
				INFOPLIST_FILE = Crouded/Info.plist;
				LD_RUNPATH_SEARCH_PATHS = "$(inherited) @executable_path/Frameworks";
				PRODUCT_NAME = "$(TARGET_NAME)";
				SWIFT_OBJC_BRIDGING_HEADER = "Crouded/Crouded-Bridging-Header.h";
			};
			name = Release;
		};
		0F7510C11A453C93005AA052 /* Debug */ = {
			isa = XCBuildConfiguration;
			buildSettings = {
				BUNDLE_LOADER = "$(TEST_HOST)";
				FRAMEWORK_SEARCH_PATHS = (
					"$(SDKROOT)/Developer/Library/Frameworks",
					"$(inherited)",
				);
				GCC_PREPROCESSOR_DEFINITIONS = (
					"DEBUG=1",
					"$(inherited)",
				);
				INFOPLIST_FILE = CroudedTests/Info.plist;
				LD_RUNPATH_SEARCH_PATHS = "$(inherited) @executable_path/Frameworks @loader_path/Frameworks";
				PRODUCT_NAME = "$(TARGET_NAME)";
				TEST_HOST = "$(BUILT_PRODUCTS_DIR)/Crouded.app/Crouded";
			};
			name = Debug;
		};
		0F7510C21A453C93005AA052 /* Release */ = {
			isa = XCBuildConfiguration;
			buildSettings = {
				BUNDLE_LOADER = "$(TEST_HOST)";
				FRAMEWORK_SEARCH_PATHS = (
					"$(SDKROOT)/Developer/Library/Frameworks",
					"$(inherited)",
				);
				INFOPLIST_FILE = CroudedTests/Info.plist;
				LD_RUNPATH_SEARCH_PATHS = "$(inherited) @executable_path/Frameworks @loader_path/Frameworks";
				PRODUCT_NAME = "$(TARGET_NAME)";
				TEST_HOST = "$(BUILT_PRODUCTS_DIR)/Crouded.app/Crouded";
			};
			name = Release;
		};
/* End XCBuildConfiguration section */

/* Begin XCConfigurationList section */
		0F7510961A453C93005AA052 /* Build configuration list for PBXProject "Crouded" */ = {
			isa = XCConfigurationList;
			buildConfigurations = (
				0F7510BB1A453C93005AA052 /* Debug */,
				0F7510BC1A453C93005AA052 /* Release */,
			);
			defaultConfigurationIsVisible = 0;
			defaultConfigurationName = Release;
		};
		0F7510BD1A453C93005AA052 /* Build configuration list for PBXNativeTarget "Crouded" */ = {
			isa = XCConfigurationList;
			buildConfigurations = (
				0F7510BE1A453C93005AA052 /* Debug */,
				0F7510BF1A453C93005AA052 /* Release */,
			);
			defaultConfigurationIsVisible = 0;
			defaultConfigurationName = Release;
		};
		0F7510C01A453C93005AA052 /* Build configuration list for PBXNativeTarget "CroudedTests" */ = {
			isa = XCConfigurationList;
			buildConfigurations = (
				0F7510C11A453C93005AA052 /* Debug */,
				0F7510C21A453C93005AA052 /* Release */,
			);
			defaultConfigurationIsVisible = 0;
			defaultConfigurationName = Release;
		};
/* End XCConfigurationList section */
	};
	rootObject = 0F7510931A453C93005AA052 /* Project object */;
}
